{
  "name": "ett-test-av-npm",
  "version": "1.0.3",
  "lockfileVersion": 3,
  "requires": true,
  "packages": {
    "": {
      "name": "ett-test-av-npm",
      "version": "1.0.3",
      "license": "MIT",
      "dependencies": {
        "ett-test-av-npm": "file:ett-test-av-npm-1.0.0.tgz"
      },
      "devDependencies": {
        "typescript": "^5.6.2"
      }
    },
    "node_modules/ett-test-av-npm": {
      "version": "1.0.0",
      "resolved": "file:ett-test-av-npm-1.0.0.tgz",
      "integrity": "sha512-OfHOJJV0aKSTbYdLAYRMzAdzbVuY9W6F7E6ZRuixj70VOmJT10SxIDrwn4JgyqJmj4sOd+ZtBLAn1fGZu64xBw==",
      "license": "MIT",
      "dependencies": {
        "ett-test-av-npm": "file:ett-test-av-npm-1.0.0.tgz"
      }
    },
    "node_modules/typescript": {
      "version": "5.6.2",
      "resolved": "https://registry.npmjs.org/typescript/-/typescript-5.6.2.tgz",
      "integrity": "sha512-NW8ByodCSNCwZeghjN3o+JX5OFH0Ojg6sadjEKY4huZ52TqbJTJnDo5+Tw98lSy63NZvi4n+ez5m2u5d4PkZyw==",
      "dev": true,
      "bin": {
        "tsc": "bin/tsc",
        "tsserver": "bin/tsserver"
      },
      "engines": {
        "node": ">=14.17"
      }
    }
  }
}
